
Microsoft Visual Studio Solution File, Format Version 12.00
# Visual Studio Version 17
VisualStudioVersion = 17.2.32505.173
MinimumVisualStudioVersion = 10.0.40219.1
Project("{FAE04EC0-301F-11D3-BF4B-00C04F79EFBC}") = "7", "7\7.csproj", "{8406B87E-83FD-40B8-8B2C-C894B74FFA24}"
EndProject
Global
	GlobalSection(SolutionConfigurationPlatforms) = preSolution
		Debug|Any CPU = Debug|Any CPU
		Release|Any CPU = Release|Any CPU
	EndGlobalSection
	GlobalSection(ProjectConfigurationPlatforms) = postSolution
		{8406B87E-83FD-40B8-8B2C-C894B74FFA24}.Debug|Any CPU.ActiveCfg = Debug|Any CPU
		{8406B87E-83FD-40B8-8B2C-C894B74FFA24}.Debug|Any CPU.Build.0 = Debug|Any CPU
		{8406B87E-83FD-40B8-8B2C-C894B74FFA24}.Release|Any CPU.ActiveCfg = Release|Any CPU
		{8406B87E-83FD-40B8-8B2C-C894B74FFA24}.Release|Any CPU.Build.0 = Release|Any CPU
	EndGlobalSection
	GlobalSection(SolutionProperties) = preSolution
		HideSolutionNode = FALSE
	EndGlobalSection
	GlobalSection(ExtensibilityGlobals) = postSolution
		SolutionGuid = {DAC863D6-F540-41D6-B620-0047F0DD67E8}
	EndGlobalSection
EndGlobal
