
Microsoft Visual Studio Solution File, Format Version 12.00
# Visual Studio Version 17
VisualStudioVersion = 17.2.32505.173
MinimumVisualStudioVersion = 10.0.40219.1
Project("{FAE04EC0-301F-11D3-BF4B-00C04F79EFBC}") = "Activity 2", "Activity 2\Activity 2.csproj", "{2BAFF419-1FC8-421C-8680-291E89F49797}"
EndProject
Global
	GlobalSection(SolutionConfigurationPlatforms) = preSolution
		Debug|Any CPU = Debug|Any CPU
		Release|Any CPU = Release|Any CPU
	EndGlobalSection
	GlobalSection(ProjectConfigurationPlatforms) = postSolution
		{2BAFF419-1FC8-421C-8680-291E89F49797}.Debug|Any CPU.ActiveCfg = Debug|Any CPU
		{2BAFF419-1FC8-421C-8680-291E89F49797}.Debug|Any CPU.Build.0 = Debug|Any CPU
		{2BAFF419-1FC8-421C-8680-291E89F49797}.Release|Any CPU.ActiveCfg = Release|Any CPU
		{2BAFF419-1FC8-421C-8680-291E89F49797}.Release|Any CPU.Build.0 = Release|Any CPU
	EndGlobalSection
	GlobalSection(SolutionProperties) = preSolution
		HideSolutionNode = FALSE
	EndGlobalSection
	GlobalSection(ExtensibilityGlobals) = postSolution
		SolutionGuid = {996B9281-A5FB-4395-A339-84789A7040C7}
	EndGlobalSection
EndGlobal
