
Microsoft Visual Studio Solution File, Format Version 12.00
# Visual Studio Version 17
VisualStudioVersion = 17.2.32505.173
MinimumVisualStudioVersion = 10.0.40219.1
Project("{F184B08F-C81C-45F6-A57F-5ABD9991F28F}") = "1", "1\1.vbproj", "{864C498A-9FDB-4618-AE59-9D408524B821}"
EndProject
Global
	GlobalSection(SolutionConfigurationPlatforms) = preSolution
		Debug|Any CPU = Debug|Any CPU
		Release|Any CPU = Release|Any CPU
	EndGlobalSection
	GlobalSection(ProjectConfigurationPlatforms) = postSolution
		{864C498A-9FDB-4618-AE59-9D408524B821}.Debug|Any CPU.ActiveCfg = Debug|Any CPU
		{864C498A-9FDB-4618-AE59-9D408524B821}.Debug|Any CPU.Build.0 = Debug|Any CPU
		{864C498A-9FDB-4618-AE59-9D408524B821}.Release|Any CPU.ActiveCfg = Release|Any CPU
		{864C498A-9FDB-4618-AE59-9D408524B821}.Release|Any CPU.Build.0 = Release|Any CPU
	EndGlobalSection
	GlobalSection(SolutionProperties) = preSolution
		HideSolutionNode = FALSE
	EndGlobalSection
	GlobalSection(ExtensibilityGlobals) = postSolution
		SolutionGuid = {2AD6D9FC-C5B4-4278-BEA5-1444D5C69FAC}
	EndGlobalSection
EndGlobal
