
Microsoft Visual Studio Solution File, Format Version 12.00
# Visual Studio Version 17
VisualStudioVersion = 17.2.32505.173
MinimumVisualStudioVersion = 10.0.40219.1
Project("{FAE04EC0-301F-11D3-BF4B-00C04F79EFBC}") = "Activity 01", "Activity 01\Activity 01.csproj", "{04002359-194D-4A06-9CCD-9EB7B9FFF390}"
EndProject
Global
	GlobalSection(SolutionConfigurationPlatforms) = preSolution
		Debug|Any CPU = Debug|Any CPU
		Release|Any CPU = Release|Any CPU
	EndGlobalSection
	GlobalSection(ProjectConfigurationPlatforms) = postSolution
		{04002359-194D-4A06-9CCD-9EB7B9FFF390}.Debug|Any CPU.ActiveCfg = Debug|Any CPU
		{04002359-194D-4A06-9CCD-9EB7B9FFF390}.Debug|Any CPU.Build.0 = Debug|Any CPU
		{04002359-194D-4A06-9CCD-9EB7B9FFF390}.Release|Any CPU.ActiveCfg = Release|Any CPU
		{04002359-194D-4A06-9CCD-9EB7B9FFF390}.Release|Any CPU.Build.0 = Release|Any CPU
	EndGlobalSection
	GlobalSection(SolutionProperties) = preSolution
		HideSolutionNode = FALSE
	EndGlobalSection
	GlobalSection(ExtensibilityGlobals) = postSolution
		SolutionGuid = {E75E060B-28F2-48FF-92D0-9AF1E479560E}
	EndGlobalSection
EndGlobal
