
Microsoft Visual Studio Solution File, Format Version 12.00
# Visual Studio Version 17
VisualStudioVersion = 17.11.35327.3
MinimumVisualStudioVersion = 10.0.40219.1
Project("{FAE04EC0-301F-11D3-BF4B-00C04F79EFBC}") = "233599_Example-03", "233599_Example-03\233599_Example-03.csproj", "{9566FE01-AF74-45A6-BA3C-77F8CF4AAF0E}"
EndProject
Global
	GlobalSection(SolutionConfigurationPlatforms) = preSolution
		Debug|Any CPU = Debug|Any CPU
		Release|Any CPU = Release|Any CPU
	EndGlobalSection
	GlobalSection(ProjectConfigurationPlatforms) = postSolution
		{9566FE01-AF74-45A6-BA3C-77F8CF4AAF0E}.Debug|Any CPU.ActiveCfg = Debug|Any CPU
		{9566FE01-AF74-45A6-BA3C-77F8CF4AAF0E}.Debug|Any CPU.Build.0 = Debug|Any CPU
		{9566FE01-AF74-45A6-BA3C-77F8CF4AAF0E}.Release|Any CPU.ActiveCfg = Release|Any CPU
		{9566FE01-AF74-45A6-BA3C-77F8CF4AAF0E}.Release|Any CPU.Build.0 = Release|Any CPU
	EndGlobalSection
	GlobalSection(SolutionProperties) = preSolution
		HideSolutionNode = FALSE
	EndGlobalSection
	GlobalSection(ExtensibilityGlobals) = postSolution
		SolutionGuid = {7C42D919-511E-41EE-A9A4-8F937CE8E3C7}
	EndGlobalSection
EndGlobal
